
Microsoft Visual Studio Solution File, Format Version 12.00
# Visual Studio Version 17
VisualStudioVersion = 17.14.36121.58 d17.14
MinimumVisualStudioVersion = 10.0.40219.1
Project("{FAE04EC0-301F-11D3-BF4B-00C04F79EFBC}") = "ABCRetailers", "ABCRetailers.csproj", "{DB7491D3-E47E-466B-B93B-9353EA787072}"
EndProject
Global
	GlobalSection(SolutionConfigurationPlatforms) = preSolution
		Debug|Any CPU = Debug|Any CPU
		Release|Any CPU = Release|Any CPU
	EndGlobalSection
	GlobalSection(ProjectConfigurationPlatforms) = postSolution
		{DB7491D3-E47E-466B-B93B-9353EA787072}.Debug|Any CPU.ActiveCfg = Debug|Any CPU
		{DB7491D3-E47E-466B-B93B-9353EA787072}.Debug|Any CPU.Build.0 = Debug|Any CPU
		{DB7491D3-E47E-466B-B93B-9353EA787072}.Release|Any CPU.ActiveCfg = Release|Any CPU
		{DB7491D3-E47E-466B-B93B-9353EA787072}.Release|Any CPU.Build.0 = Release|Any CPU
	EndGlobalSection
	GlobalSection(SolutionProperties) = preSolution
		HideSolutionNode = FALSE
	EndGlobalSection
	GlobalSection(ExtensibilityGlobals) = postSolution
		SolutionGuid = {FEE797D6-9490-4C0D-838D-62427F36611F}
	EndGlobalSection
EndGlobal
